Microsoft Visual Studio Solution File, Format Version 12.00
# Visual Studio Version 17
VisualStudioVersion = 17.14.35906.104
MinimumVisualStudioVersion = 10.0.40219.1
Project("{FAE04EC0-301F-11D3-BF4B-00C04F79EFBC}") = "I3332_Project", "I3332_Project\I3332_Project.csproj", "{A7E1D848-0F0C-448F-9F42-8DF59068DA84}"
EndProject
Global
	GlobalSection(SolutionConfigurationPlatforms) = preSolution
		Debug|Any CPU = Debug|Any CPU
		Release|Any CPU = Release|Any CPU
	EndGlobalSection
	GlobalSection(ProjectConfigurationPlatforms) = postSolution
		{A7E1D848-0F0C-448F-9F42-8DF59068DA84}.Debug|Any CPU.ActiveCfg = Debug|Any CPU
		{A7E1D848-0F0C-448F-9F42-8DF59068DA84}.Debug|Any CPU.Build.0 = Debug|Any CPU
		{A7E1D848-0F0C-448F-9F42-8DF59068DA84}.Release|Any CPU.ActiveCfg = Release|Any CPU
		{A7E1D848-0F0C-448F-9F42-8DF59068DA84}.Release|Any CPU.Build.0 = Release|Any CPU
	EndGlobalSection
	GlobalSection(SolutionProperties) = preSolution
		HideSolutionNode = FALSE
	EndGlobalSection
	GlobalSection(ExtensibilityGlobals) = postSolution
		SolutionGuid = {78F8F125-FA1C-49D0-A973-FEFF2B625D91}
	EndGlobalSection
EndGlobal
